
Microsoft Visual Studio Solution File, Format Version 12.00
# Visual Studio Version 16
VisualStudioVersion = 16.0.29123.88
MinimumVisualStudioVersion = 10.0.40219.1
Project("{FAE04EC0-301F-11D3-BF4B-00C04F79EFBC}") = "SimpleApp", "SimpleApp\SimpleApp.csproj", "{629E68AB-9F0A-48E4-8B7C-697B7D41C384}"
EndProject
Project("{54435603-DBB4-11D2-8724-00A0C9A8B90C}") = "SetupSimpleApp", "SetupSimpleApp\SetupSimpleApp.vdproj", "{FFAA8753-1BCB-4A0E-B3C5-F4A3000CDBFD}"
EndProject
Global
	GlobalSection(SolutionConfigurationPlatforms) = preSolution
		Debug|Any CPU = Debug|Any CPU
		Release|Any CPU = Release|Any CPU
	EndGlobalSection
	GlobalSection(ProjectConfigurationPlatforms) = postSolution
		{629E68AB-9F0A-48E4-8B7C-697B7D41C384}.Debug|Any CPU.ActiveCfg = Debug|Any CPU
		{629E68AB-9F0A-48E4-8B7C-697B7D41C384}.Debug|Any CPU.Build.0 = Debug|Any CPU
		{629E68AB-9F0A-48E4-8B7C-697B7D41C384}.Release|Any CPU.ActiveCfg = Release|Any CPU
		{629E68AB-9F0A-48E4-8B7C-697B7D41C384}.Release|Any CPU.Build.0 = Release|Any CPU
		{FFAA8753-1BCB-4A0E-B3C5-F4A3000CDBFD}.Debug|Any CPU.ActiveCfg = Debug
		{FFAA8753-1BCB-4A0E-B3C5-F4A3000CDBFD}.Debug|Any CPU.Build.0 = Debug
		{FFAA8753-1BCB-4A0E-B3C5-F4A3000CDBFD}.Release|Any CPU.ActiveCfg = Release
		{FFAA8753-1BCB-4A0E-B3C5-F4A3000CDBFD}.Release|Any CPU.Build.0 = Release
	EndGlobalSection
	GlobalSection(SolutionProperties) = preSolution
		HideSolutionNode = FALSE
	EndGlobalSection
	GlobalSection(ExtensibilityGlobals) = postSolution
		SolutionGuid = {6FCA671B-FBA8-4978-9255-92389378512F}
	EndGlobalSection
EndGlobal
