
Microsoft Visual Studio Solution File, Format Version 12.00
# Visual Studio Version 16
VisualStudioVersion = 16.0.29123.88
MinimumVisualStudioVersion = 10.0.40219.1
Project("{FAE04EC0-301F-11D3-BF4B-00C04F79EFBC}") = "SimpleApp", "SimpleApp\SimpleApp.csproj", "{629E68AB-9F0A-48E4-8B7C-697B7D41C384}"
EndProject
Project("{840C416C-B8F3-42BC-B0DD-F6BB14C9F8CB}") = "SimpleApp Installer", "SimpleApp Installer\SimpleApp Installer.aiproj", "{3E72160B-B00A-4648-93A1-EE43242CE507}"
EndProject
Global
	GlobalSection(SolutionConfigurationPlatforms) = preSolution
		All|Any CPU = All|Any CPU
		All|x86 = All|x86
		Debug|Any CPU = Debug|Any CPU
		Debug|x86 = Debug|x86
		Release|Any CPU = Release|Any CPU
		Release|x86 = Release|x86
	EndGlobalSection
	GlobalSection(ProjectConfigurationPlatforms) = postSolution
		{629E68AB-9F0A-48E4-8B7C-697B7D41C384}.All|Any CPU.ActiveCfg = Release|Any CPU
		{629E68AB-9F0A-48E4-8B7C-697B7D41C384}.All|Any CPU.Build.0 = Release|Any CPU
		{629E68AB-9F0A-48E4-8B7C-697B7D41C384}.All|x86.ActiveCfg = Debug|Any CPU
		{629E68AB-9F0A-48E4-8B7C-697B7D41C384}.All|x86.Build.0 = Debug|Any CPU
		{629E68AB-9F0A-48E4-8B7C-697B7D41C384}.Debug|Any CPU.ActiveCfg = Debug|Any CPU
		{629E68AB-9F0A-48E4-8B7C-697B7D41C384}.Debug|Any CPU.Build.0 = Debug|Any CPU
		{629E68AB-9F0A-48E4-8B7C-697B7D41C384}.Debug|x86.ActiveCfg = Debug|Any CPU
		{629E68AB-9F0A-48E4-8B7C-697B7D41C384}.Debug|x86.Build.0 = Debug|Any CPU
		{629E68AB-9F0A-48E4-8B7C-697B7D41C384}.Release|Any CPU.ActiveCfg = Release|Any CPU
		{629E68AB-9F0A-48E4-8B7C-697B7D41C384}.Release|Any CPU.Build.0 = Release|Any CPU
		{629E68AB-9F0A-48E4-8B7C-697B7D41C384}.Release|x86.ActiveCfg = Release|Any CPU
		{629E68AB-9F0A-48E4-8B7C-697B7D41C384}.Release|x86.Build.0 = Release|Any CPU
		{3E72160B-B00A-4648-93A1-EE43242CE507}.All|Any CPU.ActiveCfg = DefaultBuild
		{3E72160B-B00A-4648-93A1-EE43242CE507}.All|Any CPU.Build.0 = DefaultBuild
		{3E72160B-B00A-4648-93A1-EE43242CE507}.All|x86.ActiveCfg = DefaultBuild
		{3E72160B-B00A-4648-93A1-EE43242CE507}.All|x86.Build.0 = DefaultBuild
		{3E72160B-B00A-4648-93A1-EE43242CE507}.Debug|Any CPU.ActiveCfg = DefaultBuild
		{3E72160B-B00A-4648-93A1-EE43242CE507}.Debug|Any CPU.Build.0 = DefaultBuild
		{3E72160B-B00A-4648-93A1-EE43242CE507}.Debug|x86.ActiveCfg = DefaultBuild
		{3E72160B-B00A-4648-93A1-EE43242CE507}.Debug|x86.Build.0 = DefaultBuild
		{3E72160B-B00A-4648-93A1-EE43242CE507}.Release|Any CPU.ActiveCfg = DefaultBuild
		{3E72160B-B00A-4648-93A1-EE43242CE507}.Release|Any CPU.Build.0 = DefaultBuild
		{3E72160B-B00A-4648-93A1-EE43242CE507}.Release|x86.ActiveCfg = DefaultBuild
		{3E72160B-B00A-4648-93A1-EE43242CE507}.Release|x86.Build.0 = DefaultBuild
	EndGlobalSection
	GlobalSection(SolutionProperties) = preSolution
		HideSolutionNode = FALSE
	EndGlobalSection
	GlobalSection(ExtensibilityGlobals) = postSolution
		SolutionGuid = {6FCA671B-FBA8-4978-9255-92389378512F}
	EndGlobalSection
EndGlobal
